// !$*UTF8*$!
{
	archiveVersion = 1;
	classes = {
	};
	objectVersion = 46;
	objects = {

/* Begin PBXBuildFile section */
		2798864B1B6EBDA400562AF8 /* main.m in Sources */ = {isa = PBXBuildFile; fileRef = 2798864A1B6EBDA400562AF8 /* main.m */; };
		2798864E1B6EBDA400562AF8 /* AppDelegate.m in Sources */ = {isa = PBXBuildFile; fileRef = 2798864D1B6EBDA400562AF8 /* AppDelegate.m */; };
		279886511B6EBDA400562AF8 /* ViewController.m in Sources */ = {isa = PBXBuildFile; fileRef = 279886501B6EBDA400562AF8 /* ViewController.m */; };
		279886541B6EBDA400562AF8 /* Main.storyboard in Resources */ = {isa = PBXBuildFile; fileRef = 279886521B6EBDA400562AF8 /* Main.storyboard */; };
		279886561B6EBDA400562AF8 /* Images.xcassets in Resources */ = {isa = PBXBuildFile; fileRef = 279886551B6EBDA400562AF8 /* Images.xcassets */; };
		279886591B6EBDA400562AF8 /* LaunchScreen.xib in Resources */ = {isa = PBXBuildFile; fileRef = 279886571B6EBDA400562AF8 /* LaunchScreen.xib */; };
		279886651B6EBDA500562AF8 /* TheBussingAppTests.m in Sources */ = {isa = PBXBuildFile; fileRef = 279886641B6EBDA500562AF8 /* TheBussingAppTests.m */; };
/* End PBXBuildFile section */

/* Begin PBXContainerItemProxy section */
		2798865F1B6EBDA500562AF8 /* PBXContainerItemProxy */ = {
			isa = PBXContainerItemProxy;
			containerPortal = 2798863D1B6EBDA400562AF8 /* Project object */;
			proxyType = 1;
			remoteGlobalIDString = 279886441B6EBDA400562AF8;
			remoteInfo = TheBussingApp;
		};
/* End PBXContainerItemProxy section */

/* Begin PBXFileReference section */
		279886451B6EBDA400562AF8 /* TheBussingApp.app */ = {isa = PBXFileReference; explicitFileType = wrapper.application; includeInIndex = 0; path = TheBussingApp.app; sourceTree = BUILT_PRODUCTS_DIR; };
		279886491B6EBDA400562AF8 /* Info.plist */ = {isa = PBXFileReference; lastKnownFileType = text.plist.xml; path = Info.plist; sourceTree = "<group>"; };
		2798864A1B6EBDA400562AF8 /* main.m */ = {isa = PBXFileReference; lastKnownFileType = sourcecode.c.objc; path = main.m; sourceTree = "<group>"; };
		2798864C1B6EBDA400562AF8 /* AppDelegate.h */ = {isa = PBXFileReference; lastKnownFileType = sourcecode.c.h; path = AppDelegate.h; sourceTree = "<group>"; };
		2798864D1B6EBDA400562AF8 /* AppDelegate.m */ = {isa = PBXFileReference; lastKnownFileType = sourcecode.c.objc; path = AppDelegate.m; sourceTree = "<group>"; };
		2798864F1B6EBDA400562AF8 /* ViewController.h */ = {isa = PBXFileReference; lastKnownFileType = sourcecode.c.h; path = ViewController.h; sourceTree = "<group>"; };
		279886501B6EBDA400562AF8 /* ViewController.m */ = {isa = PBXFileReference; lastKnownFileType = sourcecode.c.objc; path = ViewController.m; sourceTree = "<group>"; };
		279886531B6EBDA400562AF8 /* Base */ = {isa = PBXFileReference; lastKnownFileType = file.storyboard; name = Base; path = Base.lproj/Main.storyboard; sourceTree = "<group>"; };
		279886551B6EBDA400562AF8 /* Images.xcassets */ = {isa = PBXFileReference; lastKnownFileType = folder.assetcatalog; path = Images.xcassets; sourceTree = "<group>"; };
		279886581B6EBDA400562AF8 /* Base */ = {isa = PBXFileReference; lastKnownFileType = file.xib; name = Base; path = Base.lproj/LaunchScreen.xib; sourceTree = "<group>"; };
		2798865E1B6EBDA500562AF8 /* TheBussingAppTests.xctest */ = {isa = PBXFileReference; explicitFileType = wrapper.cfbundle; includeInIndex = 0; path = TheBussingAppTests.xctest; sourceTree = BUILT_PRODUCTS_DIR; };
		279886631B6EBDA500562AF8 /* Info.plist */ = {isa = PBXFileReference; lastKnownFileType = text.plist.xml; path = Info.plist; sourceTree = "<group>"; };
		279886641B6EBDA500562AF8 /* TheBussingAppTests.m */ = {isa = PBXFileReference; lastKnownFileType = sourcecode.c.objc; path = TheBussingAppTests.m; sourceTree = "<group>"; };
/* End PBXFileReference section */

/* Begin PBXFrameworksBuildPhase section */
		279886421B6EBDA400562AF8 /* Frameworks */ = {
			isa = PBXFrameworksBuildPhase;
			buildActionMask = 2147483647;
			files = (
			);
			runOnlyForDeploymentPostprocessing = 0;
		};
		2798865B1B6EBDA500562AF8 /* Frameworks */ = {
			isa = PBXFrameworksBuildPhase;
			buildActionMask = 2147483647;
			files = (
			);
			runOnlyForDeploymentPostprocessing = 0;
		};
/* End PBXFrameworksBuildPhase section */

/* Begin PBXGroup section */
		2798863C1B6EBDA400562AF8 = {
			isa = PBXGroup;
			children = (
				279886471B6EBDA400562AF8 /* TheBussingApp */,
				279886611B6EBDA500562AF8 /* TheBussingAppTests */,
				279886461B6EBDA400562AF8 /* Products */,
			);
			sourceTree = "<group>";
		};
		279886461B6EBDA400562AF8 /* Products */ = {
			isa = PBXGroup;
			children = (
				279886451B6EBDA400562AF8 /* TheBussingApp.app */,
				2798865E1B6EBDA500562AF8 /* TheBussingAppTests.xctest */,
			);
			name = Products;
			sourceTree = "<group>";
		};
		279886471B6EBDA400562AF8 /* TheBussingApp */ = {
			isa = PBXGroup;
			children = (
				2798864C1B6EBDA400562AF8 /* AppDelegate.h */,
				2798864D1B6EBDA400562AF8 /* AppDelegate.m */,
				2798864F1B6EBDA400562AF8 /* ViewController.h */,
				279886501B6EBDA400562AF8 /* ViewController.m */,
				279886521B6EBDA400562AF8 /* Main.storyboard */,
				279886551B6EBDA400562AF8 /* Images.xcassets */,
				279886571B6EBDA400562AF8 /* LaunchScreen.xib */,
				279886481B6EBDA400562AF8 /* Supporting Files */,
			);
			path = TheBussingApp;
			sourceTree = "<group>";
		};
		279886481B6EBDA400562AF8 /* Supporting Files */ = {
			isa = PBXGroup;
			children = (
				279886491B6EBDA400562AF8 /* Info.plist */,
				2798864A1B6EBDA400562AF8 /* main.m */,
			);
			name = "Supporting Files";
			sourceTree = "<group>";
		};
		279886611B6EBDA500562AF8 /* TheBussingAppTests */ = {
			isa = PBXGroup;
			children = (
				279886641B6EBDA500562AF8 /* TheBussingAppTests.m */,
				279886621B6EBDA500562AF8 /* Supporting Files */,
			);
			path = TheBussingAppTests;
			sourceTree = "<group>";
		};
		279886621B6EBDA500562AF8 /* Supporting Files */ = {
			isa = PBXGroup;
			children = (
				279886631B6EBDA500562AF8 /* Info.plist */,
			);
			name = "Supporting Files";
			sourceTree = "<group>";
		};
/* End PBXGroup section */

/* Begin PBXNativeTarget section */
		279886441B6EBDA400562AF8 /* TheBussingApp */ = {
			isa = PBXNativeTarget;
			buildConfigurationList = 279886681B6EBDA500562AF8 /* Build configuration list for PBXNativeTarget "TheBussingApp" */;
			buildPhases = (
				279886411B6EBDA400562AF8 /* Sources */,
				279886421B6EBDA400562AF8 /* Frameworks */,
				279886431B6EBDA400562AF8 /* Resources */,
			);
			buildRules = (
			);
			dependencies = (
			);
			name = TheBussingApp;
			productName = TheBussingApp;
			productReference = 279886451B6EBDA400562AF8 /* TheBussingApp.app */;
			productType = "com.apple.product-type.application";
		};
		2798865D1B6EBDA500562AF8 /* TheBussingAppTests */ = {
			isa = PBXNativeTarget;
			buildConfigurationList = 2798866B1B6EBDA500562AF8 /* Build configuration list for PBXNativeTarget "TheBussingAppTests" */;
			buildPhases = (
				2798865A1B6EBDA500562AF8 /* Sources */,
				2798865B1B6EBDA500562AF8 /* Frameworks */,
				2798865C1B6EBDA500562AF8 /* Resources */,
			);
			buildRules = (
			);
			dependencies = (
				279886601B6EBDA500562AF8 /* PBXTargetDependency */,
			);
			name = TheBussingAppTests;
			productName = TheBussingAppTests;
			productReference = 2798865E1B6EBDA500562AF8 /* TheBussingAppTests.xctest */;
			productType = "com.apple.product-type.bundle.unit-test";
		};
/* End PBXNativeTarget section */

/* Begin PBXProject section */
		2798863D1B6EBDA400562AF8 /* Project object */ = {
			isa = PBXProject;
			attributes = {
				LastUpgradeCheck = 0640;
				ORGANIZATIONNAME = "App Factory";
				TargetAttributes = {
					279886441B6EBDA400562AF8 = {
						CreatedOnToolsVersion = 6.4;
					};
					2798865D1B6EBDA500562AF8 = {
						CreatedOnToolsVersion = 6.4;
						TestTargetID = 279886441B6EBDA400562AF8;
					};
				};
			};
			buildConfigurationList = 279886401B6EBDA400562AF8 /* Build configuration list for PBXProject "TheBussingApp" */;
			compatibilityVersion = "Xcode 3.2";
			developmentRegion = English;
			hasScannedForEncodings = 0;
			knownRegions = (
				en,
				Base,
			);
			mainGroup = 2798863C1B6EBDA400562AF8;
			productRefGroup = 279886461B6EBDA400562AF8 /* Products */;
			projectDirPath = "";
			projectRoot = "";
			targets = (
				279886441B6EBDA400562AF8 /* TheBussingApp */,
				2798865D1B6EBDA500562AF8 /* TheBussingAppTests */,
			);
		};
/* End PBXProject section */

/* Begin PBXResourcesBuildPhase section */
		279886431B6EBDA400562AF8 /* Resources */ = {
			isa = PBXResourcesBuildPhase;
			buildActionMask = 2147483647;
			files = (
				279886541B6EBDA400562AF8 /* Main.storyboard in Resources */,
				279886591B6EBDA400562AF8 /* LaunchScreen.xib in Resources */,
				279886561B6EBDA400562AF8 /* Images.xcassets in Resources */,
			);
			runOnlyForDeploymentPostprocessing = 0;
		};
		2798865C1B6EBDA500562AF8 /* Resources */ = {
			isa = PBXResourcesBuildPhase;
			buildActionMask = 2147483647;
			files = (
			);
			runOnlyForDeploymentPostprocessing = 0;
		};
/* End PBXResourcesBuildPhase section */

/* Begin PBXSourcesBuildPhase section */
		279886411B6EBDA400562AF8 /* Sources */ = {
			isa = PBXSourcesBuildPhase;
			buildActionMask = 2147483647;
			files = (
				279886511B6EBDA400562AF8 /* ViewController.m in Sources */,
				2798864E1B6EBDA400562AF8 /* AppDelegate.m in Sources */,
				2798864B1B6EBDA400562AF8 /* main.m in Sources */,
			);
			runOnlyForDeploymentPostprocessing = 0;
		};
		2798865A1B6EBDA500562AF8 /* Sources */ = {
			isa = PBXSourcesBuildPhase;
			buildActionMask = 2147483647;
			files = (
				279886651B6EBDA500562AF8 /* TheBussingAppTests.m in Sources */,
			);
			runOnlyForDeploymentPostprocessing = 0;
		};
/* End PBXSourcesBuildPhase section */

/* Begin PBXTargetDependency section */
		279886601B6EBDA500562AF8 /* PBXTargetDependency */ = {
			isa = PBXTargetDependency;
			target = 279886441B6EBDA400562AF8 /* TheBussingApp */;
			targetProxy = 2798865F1B6EBDA500562AF8 /* PBXContainerItemProxy */;
		};
/* End PBXTargetDependency section */

/* Begin PBXVariantGroup section */
		279886521B6EBDA400562AF8 /* Main.storyboard */ = {
			isa = PBXVariantGroup;
			children = (
				279886531B6EBDA400562AF8 /* Base */,
			);
			name = Main.storyboard;
			sourceTree = "<group>";
		};
		279886571B6EBDA400562AF8 /* LaunchScreen.xib */ = {
			isa = PBXVariantGroup;
			children = (
				279886581B6EBDA400562AF8 /* Base */,
			);
			name = LaunchScreen.xib;
			sourceTree = "<group>";
		};
/* End PBXVariantGroup section */

/* Begin XCBuildConfiguration section */
		279886661B6EBDA500562AF8 /* Debug */ = {
			isa = XCBuildConfiguration;
			buildSettings = {
				ALWAYS_SEARCH_USER_PATHS = NO;
				CLANG_CXX_LANGUAGE_STANDARD = "gnu++0x";
				CLANG_CXX_LIBRARY = "libc++";
				CLANG_ENABLE_MODULES = YES;
				CLANG_ENABLE_OBJC_ARC = YES;
				CLANG_WARN_BOOL_CONVERSION = YES;
				CLANG_WARN_CONSTANT_CONVERSION = YES;
				CLANG_WARN_DIRECT_OBJC_ISA_USAGE = YES_ERROR;
				CLANG_WARN_EMPTY_BODY = YES;
				CLANG_WARN_ENUM_CONVERSION = YES;
				CLANG_WARN_INT_CONVERSION = YES;
				CLANG_WARN_OBJC_ROOT_CLASS = YES_ERROR;
				CLANG_WARN_UNREACHABLE_CODE = YES;
				CLANG_WARN__DUPLICATE_METHOD_MATCH = YES;
				"CODE_SIGN_IDENTITY[sdk=iphoneos*]" = "iPhone Developer";
				COPY_PHASE_STRIP = NO;
				DEBUG_INFORMATION_FORMAT = "dwarf-with-dsym";
				ENABLE_STRICT_OBJC_MSGSEND = YES;
				GCC_C_LANGUAGE_STANDARD = gnu99;
				GCC_DYNAMIC_NO_PIC = NO;
				GCC_NO_COMMON_BLOCKS = YES;
				GCC_OPTIMIZATION_LEVEL = 0;
				GCC_PREPROCESSOR_DEFINITIONS = (
					"DEBUG=1",
					"$(inherited)",
				);
				GCC_SYMBOLS_PRIVATE_EXTERN = NO;
				GCC_WARN_64_TO_32_BIT_CONVERSION = YES;
				GCC_WARN_ABOUT_RETURN_TYPE = YES_ERROR;
				GCC_WARN_UNDECLARED_SELECTOR = YES;
				GCC_WARN_UNINITIALIZED_AUTOS = YES_AGGRESSIVE;
				GCC_WARN_UNUSED_FUNCTION = YES;
				GCC_WARN_UNUSED_VARIABLE = YES;
				IPHONEOS_DEPLOYMENT_TARGET = 8.4;
				MTL_ENABLE_DEBUG_INFO = YES;
				ONLY_ACTIVE_ARCH = YES;
				SDKROOT = iphoneos;
			};
			name = Debug;
		};
		279886671B6EBDA500562AF8 /* Release */ = {
			isa = XCBuildConfiguration;
			buildSettings = {
				ALWAYS_SEARCH_USER_PATHS = NO;
				CLANG_CXX_LANGUAGE_STANDARD = "gnu++0x";
				CLANG_CXX_LIBRARY = "libc++";
				CLANG_ENABLE_MODULES = YES;
				CLANG_ENABLE_OBJC_ARC = YES;
				CLANG_WARN_BOOL_CONVERSION = YES;
				CLANG_WARN_CONSTANT_CONVERSION = YES;
				CLANG_WARN_DIRECT_OBJC_ISA_USAGE = YES_ERROR;
				CLANG_WARN_EMPTY_BODY = YES;
				CLANG_WARN_ENUM_CONVERSION = YES;
				CLANG_WARN_INT_CONVERSION = YES;
				CLANG_WARN_OBJC_ROOT_CLASS = YES_ERROR;
				CLANG_WARN_UNREACHABLE_CODE = YES;
				CLANG_WARN__DUPLICATE_METHOD_MATCH = YES;
				"CODE_SIGN_IDENTITY[sdk=iphoneos*]" = "iPhone Developer";
				COPY_PHASE_STRIP = NO;
				DEBUG_INFORMATION_FORMAT = "dwarf-with-dsym";
				ENABLE_NS_ASSERTIONS = NO;
				ENABLE_STRICT_OBJC_MSGSEND = YES;
				GCC_C_LANGUAGE_STANDARD = gnu99;
				GCC_NO_COMMON_BLOCKS = YES;
				GCC_WARN_64_TO_32_BIT_CONVERSION = YES;
				GCC_WARN_ABOUT_RETURN_TYPE = YES_ERROR;
				GCC_WARN_UNDECLARED_SELECTOR = YES;
				GCC_WARN_UNINITIALIZED_AUTOS = YES_AGGRESSIVE;
				GCC_WARN_UNUSED_FUNCTION = YES;
				GCC_WARN_UNUSED_VARIABLE = YES;
				IPHONEOS_DEPLOYMENT_TARGET = 8.4;
				MTL_ENABLE_DEBUG_INFO = NO;
				SDKROOT = iphoneos;
				VALIDATE_PRODUCT = YES;
			};
			name = Release;
		};
		279886691B6EBDA500562AF8 /* Debug */ = {
			isa = XCBuildConfiguration;
			buildSettings = {
				ASSETCATALOG_COMPILER_APPICON_NAME = AppIcon;
				INFOPLIST_FILE = TheBussingApp/Info.plist;
				LD_RUNPATH_SEARCH_PATHS = "$(inherited) @executable_path/Frameworks";
				PRODUCT_NAME = "$(TARGET_NAME)";
			};
			name = Debug;
		};
		2798866A1B6EBDA500562AF8 /* Release */ = {
			isa = XCBuildConfiguration;
			buildSettings = {
				ASSETCATALOG_COMPILER_APPICON_NAME = AppIcon;
				INFOPLIST_FILE = TheBussingApp/Info.plist;
				LD_RUNPATH_SEARCH_PATHS = "$(inherited) @executable_path/Frameworks";
				PRODUCT_NAME = "$(TARGET_NAME)";
			};
			name = Release;
		};
		2798866C1B6EBDA500562AF8 /* Debug */ = {
			isa = XCBuildConfiguration;
			buildSettings = {
				BUNDLE_LOADER = "$(TEST_HOST)";
				FRAMEWORK_SEARCH_PATHS = (
					"$(SDKROOT)/Developer/Library/Frameworks",
					"$(inherited)",
				);
				GCC_PREPROCESSOR_DEFINITIONS = (
					"DEBUG=1",
					"$(inherited)",
				);
				INFOPLIST_FILE = TheBussingAppTests/Info.plist;
				LD_RUNPATH_SEARCH_PATHS = "$(inherited) @executable_path/Frameworks @loader_path/Frameworks";
				PRODUCT_NAME = "$(TARGET_NAME)";
				TEST_HOST = "$(BUILT_PRODUCTS_DIR)/TheBussingApp.app/TheBussingApp";
			};
			name = Debug;
		};
		2798866D1B6EBDA500562AF8 /* Release */ = {
			isa = XCBuildConfiguration;
			buildSettings = {
				BUNDLE_LOADER = "$(TEST_HOST)";
				FRAMEWORK_SEARCH_PATHS = (
					"$(SDKROOT)/Developer/Library/Frameworks",
					"$(inherited)",
				);
				INFOPLIST_FILE = TheBussingAppTests/Info.plist;
				LD_RUNPATH_SEARCH_PATHS = "$(inherited) @executable_path/Frameworks @loader_path/Frameworks";
				PRODUCT_NAME = "$(TARGET_NAME)";
				TEST_HOST = "$(BUILT_PRODUCTS_DIR)/TheBussingApp.app/TheBussingApp";
			};
			name = Release;
		};
/* End XCBuildConfiguration section */

/* Begin XCConfigurationList section */
		279886401B6EBDA400562AF8 /* Build configuration list for PBXProject "TheBussingApp" */ = {
			isa = XCConfigurationList;
			buildConfigurations = (
				279886661B6EBDA500562AF8 /* Debug */,
				279886671B6EBDA500562AF8 /* Release */,
			);
			defaultConfigurationIsVisible = 0;
			defaultConfigurationName = Release;
		};
		279886681B6EBDA500562AF8 /* Build configuration list for PBXNativeTarget "TheBussingApp" */ = {
			isa = XCConfigurationList;
			buildConfigurations = (
				279886691B6EBDA500562AF8 /* Debug */,
				2798866A1B6EBDA500562AF8 /* Release */,
			);
			defaultConfigurationIsVisible = 0;
		};
		2798866B1B6EBDA500562AF8 /* Build configuration list for PBXNativeTarget "TheBussingAppTests" */ = {
			isa = XCConfigurationList;
			buildConfigurations = (
				2798866C1B6EBDA500562AF8 /* Debug */,
				2798866D1B6EBDA500562AF8 /* Release */,
			);
			defaultConfigurationIsVisible = 0;
		};
/* End XCConfigurationList section */
	};
	rootObject = 2798863D1B6EBDA400562AF8 /* Project object */;
}
